
Microsoft Visual Studio Solution File, Format Version 12.00
# Visual Studio 15
VisualStudioVersion = 15.0.27703.2042
MinimumVisualStudioVersion = 10.0.40219.1
Project("{FAE04EC0-301F-11D3-BF4B-00C04F79EFBC}") = "Server", "Server\Server.csproj", "{A1B9CC6D-E770-42DA-8D85-B587363CE09A}"
EndProject
Project("{FAE04EC0-301F-11D3-BF4B-00C04F79EFBC}") = "NetworkLibrary", "..\NetworkLibrary\NetworkLibrary\NetworkLibrary.csproj", "{ED7252B2-041F-4F4C-BC25-0622679112A9}"
EndProject
Global
	GlobalSection(SolutionConfigurationPlatforms) = preSolution
		Debug|Any CPU = Debug|Any CPU
		Release|Any CPU = Release|Any CPU
	EndGlobalSection
	GlobalSection(ProjectConfigurationPlatforms) = postSolution
		{A1B9CC6D-E770-42DA-8D85-B587363CE09A}.Debug|Any CPU.ActiveCfg = Debug|Any CPU
		{A1B9CC6D-E770-42DA-8D85-B587363CE09A}.Debug|Any CPU.Build.0 = Debug|Any CPU
		{A1B9CC6D-E770-42DA-8D85-B587363CE09A}.Release|Any CPU.ActiveCfg = Release|Any CPU
		{A1B9CC6D-E770-42DA-8D85-B587363CE09A}.Release|Any CPU.Build.0 = Release|Any CPU
		{ED7252B2-041F-4F4C-BC25-0622679112A9}.Debug|Any CPU.ActiveCfg = Debug|Any CPU
		{ED7252B2-041F-4F4C-BC25-0622679112A9}.Debug|Any CPU.Build.0 = Debug|Any CPU
		{ED7252B2-041F-4F4C-BC25-0622679112A9}.Release|Any CPU.ActiveCfg = Release|Any CPU
		{ED7252B2-041F-4F4C-BC25-0622679112A9}.Release|Any CPU.Build.0 = Release|Any CPU
	EndGlobalSection
	GlobalSection(SolutionProperties) = preSolution
		HideSolutionNode = FALSE
	EndGlobalSection
	GlobalSection(ExtensibilityGlobals) = postSolution
		SolutionGuid = {613B97BC-EE9A-4D62-8223-364FF60C0DCF}
	EndGlobalSection
EndGlobal
